
Microsoft Visual Studio Solution File, Format Version 12.00
# Visual Studio 14
VisualStudioVersion = 14.0.23107.0
MinimumVisualStudioVersion = 10.0.40219.1
Project("{FAE04EC0-301F-11D3-BF4B-00C04F79EFBC}") = "WindowsFormsAppl2", "WindowsFormsAppl2\WindowsFormsAppl2.csproj", "{A85A3B7A-07F4-476D-8790-9D70E586323A}"
EndProject
Global
	GlobalSection(SolutionConfigurationPlatforms) = preSolution
		Debug|Any CPU = Debug|Any CPU
		Release|Any CPU = Release|Any CPU
	EndGlobalSection
	GlobalSection(ProjectConfigurationPlatforms) = postSolution
		{A85A3B7A-07F4-476D-8790-9D70E586323A}.Debug|Any CPU.ActiveCfg = Debug|Any CPU
		{A85A3B7A-07F4-476D-8790-9D70E586323A}.Debug|Any CPU.Build.0 = Debug|Any CPU
		{A85A3B7A-07F4-476D-8790-9D70E586323A}.Release|Any CPU.ActiveCfg = Release|Any CPU
		{A85A3B7A-07F4-476D-8790-9D70E586323A}.Release|Any CPU.Build.0 = Release|Any CPU
	EndGlobalSection
	GlobalSection(SolutionProperties) = preSolution
		HideSolutionNode = FALSE
	EndGlobalSection
EndGlobal
